// !$*UTF8*$!
{
	archiveVersion = 1;
	classes = {
	};
	objectVersion = 46;
	objects = {

/* Begin PBXBuildFile section */
		0CAFB56B1A68B91200F22A7B /* main.swift in Sources */ = {isa = PBXBuildFile; fileRef = 0CAFB56A1A68B91200F22A7B /* main.swift */; };
/* End PBXBuildFile section */

/* Begin PBXCopyFilesBuildPhase section */
		0CAFB5651A68B91200F22A7B /* CopyFiles */ = {
			isa = PBXCopyFilesBuildPhase;
			buildActionMask = 2147483647;
			dstPath = /usr/share/man/man1/;
			dstSubfolderSpec = 0;
			files = (
			);
			runOnlyForDeploymentPostprocessing = 1;
		};
/* End PBXCopyFilesBuildPhase section */

/* Begin PBXFileReference section */
		0CAFB5671A68B91200F22A7B /* SwiftLog */ = {isa = PBXFileReference; explicitFileType = "compiled.mach-o.executable"; includeInIndex = 0; path = SwiftLog; sourceTree = BUILT_PRODUCTS_DIR; };
		0CAFB56A1A68B91200F22A7B /* main.swift */ = {isa = PBXFileReference; lastKnownFileType = sourcecode.swift; path = main.swift; sourceTree = "<group>"; };
/* End PBXFileReference section */

/* Begin PBXFrameworksBuildPhase section */
		0CAFB5641A68B91200F22A7B /* Frameworks */ = {
			isa = PBXFrameworksBuildPhase;
			buildActionMask = 2147483647;
			files = (
			);
			runOnlyForDeploymentPostprocessing = 0;
		};
/* End PBXFrameworksBuildPhase section */

/* Begin PBXGroup section */
		0CAFB55E1A68B91200F22A7B = {
			isa = PBXGroup;
			children = (
				0CAFB5691A68B91200F22A7B /* SwiftLog */,
				0CAFB5681A68B91200F22A7B /* Products */,
			);
			sourceTree = "<group>";
		};
		0CAFB5681A68B91200F22A7B /* Products */ = {
			isa = PBXGroup;
			children = (
				0CAFB5671A68B91200F22A7B /* SwiftLog */,
			);
			name = Products;
			sourceTree = "<group>";
		};
		0CAFB5691A68B91200F22A7B /* SwiftLog */ = {
			isa = PBXGroup;
			children = (
				0CAFB56A1A68B91200F22A7B /* main.swift */,
			);
			path = SwiftLog;
			sourceTree = "<group>";
		};
/* End PBXGroup section */

/* Begin PBXNativeTarget section */
		0CAFB5661A68B91200F22A7B /* SwiftLog */ = {
			isa = PBXNativeTarget;
			buildConfigurationList = 0CAFB56E1A68B91200F22A7B /* Build configuration list for PBXNativeTarget "SwiftLog" */;
			buildPhases = (
				0CAFB5631A68B91200F22A7B /* Sources */,
				0CAFB5641A68B91200F22A7B /* Frameworks */,
				0CAFB5651A68B91200F22A7B /* CopyFiles */,
			);
			buildRules = (
			);
			dependencies = (
			);
			name = SwiftLog;
			productName = SwiftLog;
			productReference = 0CAFB5671A68B91200F22A7B /* SwiftLog */;
			productType = "com.apple.product-type.tool";
		};
/* End PBXNativeTarget section */

/* Begin PBXProject section */
		0CAFB55F1A68B91200F22A7B /* Project object */ = {
			isa = PBXProject;
			attributes = {
				LastUpgradeCheck = 0620;
				ORGANIZATIONNAME = AntiHaus;
				TargetAttributes = {
					0CAFB5661A68B91200F22A7B = {
						CreatedOnToolsVersion = 6.2;
					};
				};
			};
			buildConfigurationList = 0CAFB5621A68B91200F22A7B /* Build configuration list for PBXProject "SwiftLog" */;
			compatibilityVersion = "Xcode 3.2";
			developmentRegion = English;
			hasScannedForEncodings = 0;
			knownRegions = (
				en,
			);
			mainGroup = 0CAFB55E1A68B91200F22A7B;
			productRefGroup = 0CAFB5681A68B91200F22A7B /* Products */;
			projectDirPath = "";
			projectRoot = "";
			targets = (
				0CAFB5661A68B91200F22A7B /* SwiftLog */,
			);
		};
/* End PBXProject section */

/* Begin PBXSourcesBuildPhase section */
		0CAFB5631A68B91200F22A7B /* Sources */ = {
			isa = PBXSourcesBuildPhase;
			buildActionMask = 2147483647;
			files = (
				0CAFB56B1A68B91200F22A7B /* main.swift in Sources */,
			);
			runOnlyForDeploymentPostprocessing = 0;
		};
/* End PBXSourcesBuildPhase section */

/* Begin XCBuildConfiguration section */
		0CAFB56C1A68B91200F22A7B /* Debug */ = {
			isa = XCBuildConfiguration;
			buildSettings = {
				ALWAYS_SEARCH_USER_PATHS = NO;
				CLANG_CXX_LANGUAGE_STANDARD = "gnu++0x";
				CLANG_CXX_LIBRARY = "libc++";
				CLANG_ENABLE_MODULES = YES;
				CLANG_ENABLE_OBJC_ARC = YES;
				CLANG_WARN_BOOL_CONVERSION = YES;
				CLANG_WARN_CONSTANT_CONVERSION = YES;
				CLANG_WARN_DIRECT_OBJC_ISA_USAGE = YES_ERROR;
				CLANG_WARN_EMPTY_BODY = YES;
				CLANG_WARN_ENUM_CONVERSION = YES;
				CLANG_WARN_INT_CONVERSION = YES;
				CLANG_WARN_OBJC_ROOT_CLASS = YES_ERROR;
				CLANG_WARN_UNREACHABLE_CODE = YES;
				CLANG_WARN__DUPLICATE_METHOD_MATCH = YES;
				COPY_PHASE_STRIP = NO;
				ENABLE_STRICT_OBJC_MSGSEND = YES;
				GCC_C_LANGUAGE_STANDARD = gnu99;
				GCC_DYNAMIC_NO_PIC = NO;
				GCC_OPTIMIZATION_LEVEL = 0;
				GCC_PREPROCESSOR_DEFINITIONS = (
					"DEBUG=1",
					"$(inherited)",
				);
				GCC_SYMBOLS_PRIVATE_EXTERN = NO;
				GCC_WARN_64_TO_32_BIT_CONVERSION = YES;
				GCC_WARN_ABOUT_RETURN_TYPE = YES_ERROR;
				GCC_WARN_UNDECLARED_SELECTOR = YES;
				GCC_WARN_UNINITIALIZED_AUTOS = YES_AGGRESSIVE;
				GCC_WARN_UNUSED_FUNCTION = YES;
				GCC_WARN_UNUSED_VARIABLE = YES;
				MACOSX_DEPLOYMENT_TARGET = 10.10;
				MTL_ENABLE_DEBUG_INFO = YES;
				ONLY_ACTIVE_ARCH = YES;
				SDKROOT = macosx;
				SWIFT_OPTIMIZATION_LEVEL = "-Onone";
			};
			name = Debug;
		};
		0CAFB56D1A68B91200F22A7B /* Release */ = {
			isa = XCBuildConfiguration;
			buildSettings = {
				ALWAYS_SEARCH_USER_PATHS = NO;
				CLANG_CXX_LANGUAGE_STANDARD = "gnu++0x";
				CLANG_CXX_LIBRARY = "libc++";
				CLANG_ENABLE_MODULES = YES;
				CLANG_ENABLE_OBJC_ARC = YES;
				CLANG_WARN_BOOL_CONVERSION = YES;
				CLANG_WARN_CONSTANT_CONVERSION = YES;
				CLANG_WARN_DIRECT_OBJC_ISA_USAGE = YES_ERROR;
				CLANG_WARN_EMPTY_BODY = YES;
				CLANG_WARN_ENUM_CONVERSION = YES;
				CLANG_WARN_INT_CONVERSION = YES;
				CLANG_WARN_OBJC_ROOT_CLASS = YES_ERROR;
				CLANG_WARN_UNREACHABLE_CODE = YES;
				CLANG_WARN__DUPLICATE_METHOD_MATCH = YES;
				COPY_PHASE_STRIP = YES;
				DEBUG_INFORMATION_FORMAT = "dwarf-with-dsym";
				ENABLE_NS_ASSERTIONS = NO;
				ENABLE_STRICT_OBJC_MSGSEND = YES;
				GCC_C_LANGUAGE_STANDARD = gnu99;
				GCC_WARN_64_TO_32_BIT_CONVERSION = YES;
				GCC_WARN_ABOUT_RETURN_TYPE = YES_ERROR;
				GCC_WARN_UNDECLARED_SELECTOR = YES;
				GCC_WARN_UNINITIALIZED_AUTOS = YES_AGGRESSIVE;
				GCC_WARN_UNUSED_FUNCTION = YES;
				GCC_WARN_UNUSED_VARIABLE = YES;
				MACOSX_DEPLOYMENT_TARGET = 10.10;
				MTL_ENABLE_DEBUG_INFO = NO;
				SDKROOT = macosx;
			};
			name = Release;
		};
		0CAFB56F1A68B91200F22A7B /* Debug */ = {
			isa = XCBuildConfiguration;
			buildSettings = {
				PRODUCT_NAME = "$(TARGET_NAME)";
			};
			name = Debug;
		};
		0CAFB5701A68B91200F22A7B /* Release */ = {
			isa = XCBuildConfiguration;
			buildSettings = {
				PRODUCT_NAME = "$(TARGET_NAME)";
			};
			name = Release;
		};
/* End XCBuildConfiguration section */

/* Begin XCConfigurationList section */
		0CAFB5621A68B91200F22A7B /* Build configuration list for PBXProject "SwiftLog" */ = {
			isa = XCConfigurationList;
			buildConfigurations = (
				0CAFB56C1A68B91200F22A7B /* Debug */,
				0CAFB56D1A68B91200F22A7B /* Release */,
			);
			defaultConfigurationIsVisible = 0;
			defaultConfigurationName = Release;
		};
		0CAFB56E1A68B91200F22A7B /* Build configuration list for PBXNativeTarget "SwiftLog" */ = {
			isa = XCConfigurationList;
			buildConfigurations = (
				0CAFB56F1A68B91200F22A7B /* Debug */,
				0CAFB5701A68B91200F22A7B /* Release */,
			);
			defaultConfigurationIsVisible = 0;
		};
/* End XCConfigurationList section */
	};
	rootObject = 0CAFB55F1A68B91200F22A7B /* Project object */;
}
